<Solution>
  <Folder Name="/src/">
    <Project Path="src/Mercado.Api/Mercado.Api.csproj" />
    <Project Path="src/Mercado.Application/Mercado.Application.csproj" />
    <Project Path="src/Mercado.Domain/Mercado.Domain.csproj" />
    <Project Path="src/Mercado.Infra/Mercado.Infra.csproj" />
  </Folder>
</Solution>
